PODS:
  - Placed (4.0.10):
    - Reachability (~> 3.2)
  - Reachability (3.2)

DEPENDENCIES:
  - Placed (from `https://github.com/placed/ios-placed-sdk.git`)

EXTERNAL SOURCES:
  Placed:
    :git: https://github.com/placed/ios-placed-sdk.git

CHECKOUT OPTIONS:
  Placed:
    :commit: 78130ff72df21541d00d6c723f129614b78e34ea
    :git: https://github.com/placed/ios-placed-sdk.git

SPEC CHECKSUMS:
  Placed: c8fbbb938a921330a81e50955279cb1d6245ad88
  Reachability: 33e18b67625424e47b6cde6d202dce689ad7af96

PODFILE CHECKSUM: 2096e7ab3f6c7843aab3e505aef0fa7ce2837f24

COCOAPODS: 1.3.1
